{
  "name": "curso-typescript-platzi",
  "version": "1.0.0",
  "lockfileVersion": 3,
  "requires": true,
  "packages": {
    "": {
      "name": "curso-typescript-platzi",
      "version": "1.0.0",
      "license": "ISC",
      "dependencies": {
        "date-fns": "^3.0.6"
      },
      "devDependencies": {
        "typescript": "^5.3.3"
      }
    },
    "node_modules/date-fns": {
      "version": "3.0.6",
      "resolved": "https://registry.npmjs.org/date-fns/-/date-fns-3.0.6.tgz",
      "integrity": "sha512-W+G99rycpKMMF2/YD064b2lE7jJGUe+EjOES7Q8BIGY8sbNdbgcs9XFTZwvzc9Jx1f3k7LB7gZaZa7f8Agzljg==",
      "funding": {
        "type": "github",
        "url": "https://github.com/sponsors/kossnocorp"
      }
    },
    "node_modules/typescript": {
      "version": "5.3.3",
      "resolved": "https://registry.npmjs.org/typescript/-/typescript-5.3.3.tgz",
      "integrity": "sha512-pXWcraxM0uxAS+tN0AG/BF2TyqmHO014Z070UsJ+pFvYuRSq8KH8DmWpnbXe0pEPDHXZV3FcAbJkijJ5oNEnWw==",
      "dev": true,
      "bin": {
        "tsc": "bin/tsc",
        "tsserver": "bin/tsserver"
      },
      "engines": {
        "node": ">=14.17"
      }
    }
  }
}
